
Microsoft Visual Studio Solution File, Format Version 12.00
# Visual Studio Version 16
VisualStudioVersion = 16.0.31005.135
MinimumVisualStudioVersion = 10.0.40219.1
Project("{9A19103F-16F7-4668-BE54-9A1E7A4F7556}") = "AWSLambdaPOC", "AWSLambdaPOC\AWSLambdaPOC.csproj", "{F2021987-00C1-4DAA-8A58-DD667B3AF40D}"
EndProject
Global
	GlobalSection(SolutionConfigurationPlatforms) = preSolution
		Debug|Any CPU = Debug|Any CPU
		Release|Any CPU = Release|Any CPU
	EndGlobalSection
	GlobalSection(ProjectConfigurationPlatforms) = postSolution
		{F2021987-00C1-4DAA-8A58-DD667B3AF40D}.Debug|Any CPU.ActiveCfg = Debug|Any CPU
		{F2021987-00C1-4DAA-8A58-DD667B3AF40D}.Debug|Any CPU.Build.0 = Debug|Any CPU
		{F2021987-00C1-4DAA-8A58-DD667B3AF40D}.Release|Any CPU.ActiveCfg = Release|Any CPU
		{F2021987-00C1-4DAA-8A58-DD667B3AF40D}.Release|Any CPU.Build.0 = Release|Any CPU
	EndGlobalSection
	GlobalSection(SolutionProperties) = preSolution
		HideSolutionNode = FALSE
	EndGlobalSection
	GlobalSection(ExtensibilityGlobals) = postSolution
		SolutionGuid = {1D5EA64B-D58A-47C1-9858-7E02B16E7E2B}
	EndGlobalSection
EndGlobal
